
Microsoft Visual Studio Solution File, Format Version 12.00
# Visual Studio 15
VisualStudioVersion = 15.0.28307.1022
MinimumVisualStudioVersion = 10.0.40219.1
Project("{FAE04EC0-301F-11D3-BF4B-00C04F79EFBC}") = "WorknetLibrary", "WorknetLibrary\WorknetLibrary.csproj", "{99748D7D-3923-46EE-8560-50AB2D31F992}"
EndProject
Global
	GlobalSection(SolutionConfigurationPlatforms) = preSolution
		Debug|Any CPU = Debug|Any CPU
		Release|Any CPU = Release|Any CPU
	EndGlobalSection
	GlobalSection(ProjectConfigurationPlatforms) = postSolution
		{99748D7D-3923-46EE-8560-50AB2D31F992}.Debug|Any CPU.ActiveCfg = Debug|Any CPU
		{99748D7D-3923-46EE-8560-50AB2D31F992}.Debug|Any CPU.Build.0 = Debug|Any CPU
		{99748D7D-3923-46EE-8560-50AB2D31F992}.Release|Any CPU.ActiveCfg = Release|Any CPU
		{99748D7D-3923-46EE-8560-50AB2D31F992}.Release|Any CPU.Build.0 = Release|Any CPU
	EndGlobalSection
	GlobalSection(SolutionProperties) = preSolution
		HideSolutionNode = FALSE
	EndGlobalSection
	GlobalSection(ExtensibilityGlobals) = postSolution
		SolutionGuid = {8F8C44BF-7C7B-4974-B820-F8E83A374F28}
	EndGlobalSection
EndGlobal
