
Microsoft Visual Studio Solution File, Format Version 12.00
# Visual Studio 15
VisualStudioVersion = 15.0.28010.2016
MinimumVisualStudioVersion = 10.0.40219.1
Project("{FAE04EC0-301F-11D3-BF4B-00C04F79EFBC}") = "BaseScraperLibrary", "BaseScraper\BaseScraperLibrary.csproj", "{69E2F82C-016D-455F-A50E-281C559B7F68}"
EndProject
Global
	GlobalSection(SolutionConfigurationPlatforms) = preSolution
		Debug|Any CPU = Debug|Any CPU
		Release|Any CPU = Release|Any CPU
	EndGlobalSection
	GlobalSection(ProjectConfigurationPlatforms) = postSolution
		{69E2F82C-016D-455F-A50E-281C559B7F68}.Debug|Any CPU.ActiveCfg = Debug|Any CPU
		{69E2F82C-016D-455F-A50E-281C559B7F68}.Debug|Any CPU.Build.0 = Debug|Any CPU
		{69E2F82C-016D-455F-A50E-281C559B7F68}.Release|Any CPU.ActiveCfg = Release|Any CPU
		{69E2F82C-016D-455F-A50E-281C559B7F68}.Release|Any CPU.Build.0 = Release|Any CPU
	EndGlobalSection
	GlobalSection(SolutionProperties) = preSolution
		HideSolutionNode = FALSE
	EndGlobalSection
	GlobalSection(ExtensibilityGlobals) = postSolution
		SolutionGuid = {D9698D0F-DBBE-416A-BEC0-E1565F2B99FE}
	EndGlobalSection
EndGlobal
